
Microsoft Visual Studio Solution File, Format Version 12.00
# Visual Studio Version 17
VisualStudioVersion = 17.14.37314.3 d17.14
MinimumVisualStudioVersion = 10.0.40219.1
Project("{FAE04EC0-301F-11D3-BF4B-00C04F79EFBC}") = "Repo", "Repo\Repo.csproj", "{6257C11A-1C87-4BE4-B485-E631D027C997}"
EndProject
Project("{FAE04EC0-301F-11D3-BF4B-00C04F79EFBC}") = "UtazasSzervezes", "UtazasSzervezes\UtazasSzervezes.csproj", "{C98C3196-EDAF-4769-A450-1F718F2CC279}"
EndProject
Project("{FAE04EC0-301F-11D3-BF4B-00C04F79EFBC}") = "UtazasSzervezesGUI", "UtazasSzervezesGUI\UtazasSzervezesGUI.csproj", "{4BE8AEEB-DA52-45B5-962A-39BF9EF5A004}"
EndProject
Global
	GlobalSection(SolutionConfigurationPlatforms) = preSolution
		Debug|Any CPU = Debug|Any CPU
		Release|Any CPU = Release|Any CPU
	EndGlobalSection
	GlobalSection(ProjectConfigurationPlatforms) = postSolution
		{6257C11A-1C87-4BE4-B485-E631D027C997}.Debug|Any CPU.ActiveCfg = Debug|Any CPU
		{6257C11A-1C87-4BE4-B485-E631D027C997}.Debug|Any CPU.Build.0 = Debug|Any CPU
		{6257C11A-1C87-4BE4-B485-E631D027C997}.Release|Any CPU.ActiveCfg = Release|Any CPU
		{6257C11A-1C87-4BE4-B485-E631D027C997}.Release|Any CPU.Build.0 = Release|Any CPU
		{C98C3196-EDAF-4769-A450-1F718F2CC279}.Debug|Any CPU.ActiveCfg = Debug|Any CPU
		{C98C3196-EDAF-4769-A450-1F718F2CC279}.Debug|Any CPU.Build.0 = Debug|Any CPU
		{C98C3196-EDAF-4769-A450-1F718F2CC279}.Release|Any CPU.ActiveCfg = Release|Any CPU
		{C98C3196-EDAF-4769-A450-1F718F2CC279}.Release|Any CPU.Build.0 = Release|Any CPU
		{4BE8AEEB-DA52-45B5-962A-39BF9EF5A004}.Debug|Any CPU.ActiveCfg = Debug|Any CPU
		{4BE8AEEB-DA52-45B5-962A-39BF9EF5A004}.Debug|Any CPU.Build.0 = Debug|Any CPU
		{4BE8AEEB-DA52-45B5-962A-39BF9EF5A004}.Release|Any CPU.ActiveCfg = Release|Any CPU
		{4BE8AEEB-DA52-45B5-962A-39BF9EF5A004}.Release|Any CPU.Build.0 = Release|Any CPU
	EndGlobalSection
	GlobalSection(SolutionProperties) = preSolution
		HideSolutionNode = FALSE
	EndGlobalSection
	GlobalSection(ExtensibilityGlobals) = postSolution
		SolutionGuid = {5037221C-71CD-45E2-A19D-45E25100A5CF}
	EndGlobalSection
EndGlobal
